
Microsoft Visual Studio Solution File, Format Version 12.00
# Visual Studio Version 17
VisualStudioVersion = 17.1.32328.378
MinimumVisualStudioVersion = 10.0.40219.1
Project("{9A19103F-16F7-4668-BE54-9A1E7A4F7556}") = "Blog", "Blog.csproj", "{EEF60DBC-3BA8-4EA9-BE41-F22527480408}"
EndProject
Global
	GlobalSection(SolutionConfigurationPlatforms) = preSolution
		Debug|Any CPU = Debug|Any CPU
		Release|Any CPU = Release|Any CPU
	EndGlobalSection
	GlobalSection(ProjectConfigurationPlatforms) = postSolution
		{EEF60DBC-3BA8-4EA9-BE41-F22527480408}.Debug|Any CPU.ActiveCfg = Debug|Any CPU
		{EEF60DBC-3BA8-4EA9-BE41-F22527480408}.Debug|Any CPU.Build.0 = Debug|Any CPU
		{EEF60DBC-3BA8-4EA9-BE41-F22527480408}.Release|Any CPU.ActiveCfg = Release|Any CPU
		{EEF60DBC-3BA8-4EA9-BE41-F22527480408}.Release|Any CPU.Build.0 = Release|Any CPU
	EndGlobalSection
	GlobalSection(SolutionProperties) = preSolution
		HideSolutionNode = FALSE
	EndGlobalSection
	GlobalSection(ExtensibilityGlobals) = postSolution
		SolutionGuid = {495AF343-9AA1-426A-8CCE-050D251A82C3}
	EndGlobalSection
EndGlobal
